
Microsoft Visual Studio Solution File, Format Version 12.00
# Visual Studio 15
VisualStudioVersion = 15.0.26430.15
MinimumVisualStudioVersion = 10.0.40219.1
Project("{FAE04EC0-301F-11D3-BF4B-00C04F79EFBC}") = "ListIndexOf4", "ListIndexOf4.csproj", "{AC210BC1-0331-4E61-B4BE-39F109F9B591}"
EndProject
Project("{FAE04EC0-301F-11D3-BF4B-00C04F79EFBC}") = "ListLastIndexOf4", "ListLastIndexOf4.csproj", "{95DFC527-4DC1-495E-97D7-E94EE1F7140D}"
EndProject
Global
	GlobalSection(SolutionConfigurationPlatforms) = preSolution
		Checked|Any CPU = Checked|Any CPU
		Debug|Any CPU = Debug|Any CPU
		Release|Any CPU = Release|Any CPU
	EndGlobalSection
	GlobalSection(ProjectConfigurationPlatforms) = postSolution
		{AC210BC1-0331-4E61-B4BE-39F109F9B591}.Checked|Any CPU.ActiveCfg = Checked|Any CPU
		{AC210BC1-0331-4E61-B4BE-39F109F9B591}.Checked|Any CPU.Build.0 = Checked|Any CPU
		{AC210BC1-0331-4E61-B4BE-39F109F9B591}.Debug|Any CPU.ActiveCfg = Debug|Any CPU
		{AC210BC1-0331-4E61-B4BE-39F109F9B591}.Debug|Any CPU.Build.0 = Debug|Any CPU
		{AC210BC1-0331-4E61-B4BE-39F109F9B591}.Release|Any CPU.ActiveCfg = Release|Any CPU
		{AC210BC1-0331-4E61-B4BE-39F109F9B591}.Release|Any CPU.Build.0 = Release|Any CPU
		{95DFC527-4DC1-495E-97D7-E94EE1F7140D}.Checked|Any CPU.ActiveCfg = Checked|Any CPU
		{95DFC527-4DC1-495E-97D7-E94EE1F7140D}.Checked|Any CPU.Build.0 = Checked|Any CPU
		{95DFC527-4DC1-495E-97D7-E94EE1F7140D}.Debug|Any CPU.ActiveCfg = Debug|Any CPU
		{95DFC527-4DC1-495E-97D7-E94EE1F7140D}.Debug|Any CPU.Build.0 = Debug|Any CPU
		{95DFC527-4DC1-495E-97D7-E94EE1F7140D}.Release|Any CPU.ActiveCfg = Release|Any CPU
		{95DFC527-4DC1-495E-97D7-E94EE1F7140D}.Release|Any CPU.Build.0 = Release|Any CPU
	EndGlobalSection
	GlobalSection(SolutionProperties) = preSolution
		HideSolutionNode = FALSE
	EndGlobalSection
EndGlobal
